// !$*UTF8*$!
{
	archiveVersion = 1;
	classes = {
	};
	objectVersion = 50;
	objects = {

/* Begin PBXBuildFile section */
		7B2AB90B24C6F6E700F4D698 /* MoviesProvider.swift in Sources */ = {isa = PBXBuildFile; fileRef = 7B2AB90A24C6F6E700F4D698 /* MoviesProvider.swift */; };
		7B2AB90D24C6F77F00F4D698 /* ImageLoader.swift in Sources */ = {isa = PBXBuildFile; fileRef = 7B2AB90C24C6F77F00F4D698 /* ImageLoader.swift */; };
		7B2AB90F24C6F8A200F4D698 /* ImageViewLoader.swift in Sources */ = {isa = PBXBuildFile; fileRef = 7B2AB90E24C6F8A200F4D698 /* ImageViewLoader.swift */; };
		7B4486BF24AEB4E600102E45 /* SwiftUIMoviesApp.swift in Sources */ = {isa = PBXBuildFile; fileRef = 7B4486BE24AEB4E600102E45 /* SwiftUIMoviesApp.swift */; };
		7B4486C324AEB4E800102E45 /* Assets.xcassets in Resources */ = {isa = PBXBuildFile; fileRef = 7B4486C224AEB4E800102E45 /* Assets.xcassets */; };
		7B4486C624AEB4E800102E45 /* Preview Assets.xcassets in Resources */ = {isa = PBXBuildFile; fileRef = 7B4486C524AEB4E800102E45 /* Preview Assets.xcassets */; };
		7B4486D124AEB4E900102E45 /* SwiftUISearchExampleTests.swift in Sources */ = {isa = PBXBuildFile; fileRef = 7B4486D024AEB4E900102E45 /* SwiftUISearchExampleTests.swift */; };
		7B4486DC24AEB4E900102E45 /* SwiftUISearchExampleUITests.swift in Sources */ = {isa = PBXBuildFile; fileRef = 7B4486DB24AEB4E900102E45 /* SwiftUISearchExampleUITests.swift */; };
		7B4486F124AEB7C900102E45 /* FilteredList.swift in Sources */ = {isa = PBXBuildFile; fileRef = 7B4486F024AEB7C900102E45 /* FilteredList.swift */; };
		7B4486F424B097D700102E45 /* Endpoint.swift in Sources */ = {isa = PBXBuildFile; fileRef = 7B4486F324B097D700102E45 /* Endpoint.swift */; };
		7B4486F624B097ED00102E45 /* APIError.swift in Sources */ = {isa = PBXBuildFile; fileRef = 7B4486F524B097ED00102E45 /* APIError.swift */; };
		7B4486FA24B0994D00102E45 /* MovieClient.swift in Sources */ = {isa = PBXBuildFile; fileRef = 7B4486F924B0994D00102E45 /* MovieClient.swift */; };
		7B4486FC24B0997200102E45 /* Movie.swift in Sources */ = {isa = PBXBuildFile; fileRef = 7B4486FB24B0997200102E45 /* Movie.swift */; };
		7B4486FE24B0999200102E45 /* MovieFeedResult.swift in Sources */ = {isa = PBXBuildFile; fileRef = 7B4486FD24B0999200102E45 /* MovieFeedResult.swift */; };
		7B44870024B09A1F00102E45 /* MovieFeed.swift in Sources */ = {isa = PBXBuildFile; fileRef = 7B4486FF24B09A1F00102E45 /* MovieFeed.swift */; };
		7B44870224B221C200102E45 /* MovieRow.swift in Sources */ = {isa = PBXBuildFile; fileRef = 7B44870124B221C100102E45 /* MovieRow.swift */; };
		7B58B5DE24C1C17C007F72AF /* MoviesAppClipApp.swift in Sources */ = {isa = PBXBuildFile; fileRef = 7B58B5DD24C1C17C007F72AF /* MoviesAppClipApp.swift */; };
		7B58B5E024C1C17C007F72AF /* ContentView.swift in Sources */ = {isa = PBXBuildFile; fileRef = 7B58B5DF24C1C17C007F72AF /* ContentView.swift */; };
		7B58B5E224C1C182007F72AF /* Assets.xcassets in Resources */ = {isa = PBXBuildFile; fileRef = 7B58B5E124C1C182007F72AF /* Assets.xcassets */; };
		7B58B5E524C1C182007F72AF /* Preview Assets.xcassets in Resources */ = {isa = PBXBuildFile; fileRef = 7B58B5E424C1C182007F72AF /* Preview Assets.xcassets */; };
		7B58B5F124C1C183007F72AF /* MoviesAppClipTests.swift in Sources */ = {isa = PBXBuildFile; fileRef = 7B58B5F024C1C183007F72AF /* MoviesAppClipTests.swift */; };
		7B58B5FC24C1C183007F72AF /* MoviesAppClipUITests.swift in Sources */ = {isa = PBXBuildFile; fileRef = 7B58B5FB24C1C183007F72AF /* MoviesAppClipUITests.swift */; };
		7B58B60024C1C183007F72AF /* MoviesAppClip.app in Embed App Clips */ = {isa = PBXBuildFile; fileRef = 7B58B5DB24C1C17C007F72AF /* MoviesAppClip.app */; settings = {ATTRIBUTES = (RemoveHeadersOnCopy, ); }; };
/* End PBXBuildFile section */

/* Begin PBXContainerItemProxy section */
		7B4486CD24AEB4E900102E45 /* PBXContainerItemProxy */ = {
			isa = PBXContainerItemProxy;
			containerPortal = 7B4486B324AEB4E600102E45 /* Project object */;
			proxyType = 1;
			remoteGlobalIDString = 7B4486BA24AEB4E600102E45;
			remoteInfo = SwiftUISearchExample;
		};
		7B4486D824AEB4E900102E45 /* PBXContainerItemProxy */ = {
			isa = PBXContainerItemProxy;
			containerPortal = 7B4486B324AEB4E600102E45 /* Project object */;
			proxyType = 1;
			remoteGlobalIDString = 7B4486BA24AEB4E600102E45;
			remoteInfo = SwiftUISearchExample;
		};
		7B58B5ED24C1C183007F72AF /* PBXContainerItemProxy */ = {
			isa = PBXContainerItemProxy;
			containerPortal = 7B4486B324AEB4E600102E45 /* Project object */;
			proxyType = 1;
			remoteGlobalIDString = 7B58B5DA24C1C17C007F72AF;
			remoteInfo = MoviesAppClip;
		};
		7B58B5F824C1C183007F72AF /* PBXContainerItemProxy */ = {
			isa = PBXContainerItemProxy;
			containerPortal = 7B4486B324AEB4E600102E45 /* Project object */;
			proxyType = 1;
			remoteGlobalIDString = 7B58B5DA24C1C17C007F72AF;
			remoteInfo = MoviesAppClip;
		};
		7B58B5FE24C1C183007F72AF /* PBXContainerItemProxy */ = {
			isa = PBXContainerItemProxy;
			containerPortal = 7B4486B324AEB4E600102E45 /* Project object */;
			proxyType = 1;
			remoteGlobalIDString = 7B58B5DA24C1C17C007F72AF;
			remoteInfo = MoviesAppClip;
		};
/* End PBXContainerItemProxy section */

/* Begin PBXCopyFilesBuildPhase section */
		7B58B60124C1C183007F72AF /* Embed App Clips */ = {
			isa = PBXCopyFilesBuildPhase;
			buildActionMask = 2147483647;
			dstPath = "$(CONTENTS_FOLDER_PATH)/AppClips";
			dstSubfolderSpec = 16;
			files = (
				7B58B60024C1C183007F72AF /* MoviesAppClip.app in Embed App Clips */,
			);
			name = "Embed App Clips";
			runOnlyForDeploymentPostprocessing = 0;
		};
/* End PBXCopyFilesBuildPhase section */

/* Begin PBXFileReference section */
		7B2AB90A24C6F6E700F4D698 /* MoviesProvider.swift */ = {isa = PBXFileReference; lastKnownFileType = sourcecode.swift; path = MoviesProvider.swift; sourceTree = "<group>"; };
		7B2AB90C24C6F77F00F4D698 /* ImageLoader.swift */ = {isa = PBXFileReference; lastKnownFileType = sourcecode.swift; path = ImageLoader.swift; sourceTree = "<group>"; };
		7B2AB90E24C6F8A200F4D698 /* ImageViewLoader.swift */ = {isa = PBXFileReference; lastKnownFileType = sourcecode.swift; path = ImageViewLoader.swift; sourceTree = "<group>"; };
		7B4486BB24AEB4E600102E45 /* SwiftUISearchExample.app */ = {isa = PBXFileReference; explicitFileType = wrapper.application; includeInIndex = 0; path = SwiftUISearchExample.app; sourceTree = BUILT_PRODUCTS_DIR; };
		7B4486BE24AEB4E600102E45 /* SwiftUIMoviesApp.swift */ = {isa = PBXFileReference; lastKnownFileType = sourcecode.swift; path = SwiftUIMoviesApp.swift; sourceTree = "<group>"; };
		7B4486C224AEB4E800102E45 /* Assets.xcassets */ = {isa = PBXFileReference; lastKnownFileType = folder.assetcatalog; path = Assets.xcassets; sourceTree = "<group>"; };
		7B4486C524AEB4E800102E45 /* Preview Assets.xcassets */ = {isa = PBXFileReference; lastKnownFileType = folder.assetcatalog; path = "Preview Assets.xcassets"; sourceTree = "<group>"; };
		7B4486C724AEB4E800102E45 /* Info.plist */ = {isa = PBXFileReference; lastKnownFileType = text.plist.xml; path = Info.plist; sourceTree = "<group>"; };
		7B4486CC24AEB4E900102E45 /* SwiftUISearchExampleTests.xctest */ = {isa = PBXFileReference; explicitFileType = wrapper.cfbundle; includeInIndex = 0; path = SwiftUISearchExampleTests.xctest; sourceTree = BUILT_PRODUCTS_DIR; };
		7B4486D024AEB4E900102E45 /* SwiftUISearchExampleTests.swift */ = {isa = PBXFileReference; lastKnownFileType = sourcecode.swift; path = SwiftUISearchExampleTests.swift; sourceTree = "<group>"; };
		7B4486D224AEB4E900102E45 /* Info.plist */ = {isa = PBXFileReference; lastKnownFileType = text.plist.xml; path = Info.plist; sourceTree = "<group>"; };
		7B4486D724AEB4E900102E45 /* SwiftUISearchExampleUITests.xctest */ = {isa = PBXFileReference; explicitFileType = wrapper.cfbundle; includeInIndex = 0; path = SwiftUISearchExampleUITests.xctest; sourceTree = BUILT_PRODUCTS_DIR; };
		7B4486DB24AEB4E900102E45 /* SwiftUISearchExampleUITests.swift */ = {isa = PBXFileReference; lastKnownFileType = sourcecode.swift; path = SwiftUISearchExampleUITests.swift; sourceTree = "<group>"; };
		7B4486DD24AEB4E900102E45 /* Info.plist */ = {isa = PBXFileReference; lastKnownFileType = text.plist.xml; path = Info.plist; sourceTree = "<group>"; };
		7B4486F024AEB7C900102E45 /* FilteredList.swift */ = {isa = PBXFileReference; lastKnownFileType = sourcecode.swift; path = FilteredList.swift; sourceTree = "<group>"; };
		7B4486F324B097D700102E45 /* Endpoint.swift */ = {isa = PBXFileReference; lastKnownFileType = sourcecode.swift; path = Endpoint.swift; sourceTree = "<group>"; };
		7B4486F524B097ED00102E45 /* APIError.swift */ = {isa = PBXFileReference; lastKnownFileType = sourcecode.swift; path = APIError.swift; sourceTree = "<group>"; };
		7B4486F924B0994D00102E45 /* MovieClient.swift */ = {isa = PBXFileReference; lastKnownFileType = sourcecode.swift; path = MovieClient.swift; sourceTree = "<group>"; };
		7B4486FB24B0997200102E45 /* Movie.swift */ = {isa = PBXFileReference; lastKnownFileType = sourcecode.swift; path = Movie.swift; sourceTree = "<group>"; };
		7B4486FD24B0999200102E45 /* MovieFeedResult.swift */ = {isa = PBXFileReference; lastKnownFileType = sourcecode.swift; path = MovieFeedResult.swift; sourceTree = "<group>"; };
		7B4486FF24B09A1F00102E45 /* MovieFeed.swift */ = {isa = PBXFileReference; lastKnownFileType = sourcecode.swift; path = MovieFeed.swift; sourceTree = "<group>"; };
		7B44870124B221C100102E45 /* MovieRow.swift */ = {isa = PBXFileReference; lastKnownFileType = sourcecode.swift; path = MovieRow.swift; sourceTree = "<group>"; };
		7B58B5DB24C1C17C007F72AF /* MoviesAppClip.app */ = {isa = PBXFileReference; explicitFileType = wrapper.application; includeInIndex = 0; path = MoviesAppClip.app; sourceTree = BUILT_PRODUCTS_DIR; };
		7B58B5DD24C1C17C007F72AF /* MoviesAppClipApp.swift */ = {isa = PBXFileReference; lastKnownFileType = sourcecode.swift; path = MoviesAppClipApp.swift; sourceTree = "<group>"; };
		7B58B5DF24C1C17C007F72AF /* ContentView.swift */ = {isa = PBXFileReference; lastKnownFileType = sourcecode.swift; path = ContentView.swift; sourceTree = "<group>"; };
		7B58B5E124C1C182007F72AF /* Assets.xcassets */ = {isa = PBXFileReference; lastKnownFileType = folder.assetcatalog; path = Assets.xcassets; sourceTree = "<group>"; };
		7B58B5E424C1C182007F72AF /* Preview Assets.xcassets */ = {isa = PBXFileReference; lastKnownFileType = folder.assetcatalog; path = "Preview Assets.xcassets"; sourceTree = "<group>"; };
		7B58B5E624C1C182007F72AF /* Info.plist */ = {isa = PBXFileReference; lastKnownFileType = text.plist.xml; path = Info.plist; sourceTree = "<group>"; };
		7B58B5E724C1C182007F72AF /* MoviesAppClip.entitlements */ = {isa = PBXFileReference; lastKnownFileType = text.plist.entitlements; path = MoviesAppClip.entitlements; sourceTree = "<group>"; };
		7B58B5EC24C1C183007F72AF /* MoviesAppClipTests.xctest */ = {isa = PBXFileReference; explicitFileType = wrapper.cfbundle; includeInIndex = 0; path = MoviesAppClipTests.xctest; sourceTree = BUILT_PRODUCTS_DIR; };
		7B58B5F024C1C183007F72AF /* MoviesAppClipTests.swift */ = {isa = PBXFileReference; lastKnownFileType = sourcecode.swift; path = MoviesAppClipTests.swift; sourceTree = "<group>"; };
		7B58B5F224C1C183007F72AF /* Info.plist */ = {isa = PBXFileReference; lastKnownFileType = text.plist.xml; path = Info.plist; sourceTree = "<group>"; };
		7B58B5F724C1C183007F72AF /* MoviesAppClipUITests.xctest */ = {isa = PBXFileReference; explicitFileType = wrapper.cfbundle; includeInIndex = 0; path = MoviesAppClipUITests.xctest; sourceTree = BUILT_PRODUCTS_DIR; };
		7B58B5FB24C1C183007F72AF /* MoviesAppClipUITests.swift */ = {isa = PBXFileReference; lastKnownFileType = sourcecode.swift; path = MoviesAppClipUITests.swift; sourceTree = "<group>"; };
		7B58B5FD24C1C183007F72AF /* Info.plist */ = {isa = PBXFileReference; lastKnownFileType = text.plist.xml; path = Info.plist; sourceTree = "<group>"; };
/* End PBXFileReference section */

/* Begin PBXFrameworksBuildPhase section */
		7B4486B824AEB4E600102E45 /* Frameworks */ = {
			isa = PBXFrameworksBuildPhase;
			buildActionMask = 2147483647;
			files = (
			);
			runOnlyForDeploymentPostprocessing = 0;
		};
		7B4486C924AEB4E900102E45 /* Frameworks */ = {
			isa = PBXFrameworksBuildPhase;
			buildActionMask = 2147483647;
			files = (
			);
			runOnlyForDeploymentPostprocessing = 0;
		};
		7B4486D424AEB4E900102E45 /* Frameworks */ = {
			isa = PBXFrameworksBuildPhase;
			buildActionMask = 2147483647;
			files = (
			);
			runOnlyForDeploymentPostprocessing = 0;
		};
		7B58B5D824C1C17C007F72AF /* Frameworks */ = {
			isa = PBXFrameworksBuildPhase;
			buildActionMask = 2147483647;
			files = (
			);
			runOnlyForDeploymentPostprocessing = 0;
		};
		7B58B5E924C1C183007F72AF /* Frameworks */ = {
			isa = PBXFrameworksBuildPhase;
			buildActionMask = 2147483647;
			files = (
			);
			runOnlyForDeploymentPostprocessing = 0;
		};
		7B58B5F424C1C183007F72AF /* Frameworks */ = {
			isa = PBXFrameworksBuildPhase;
			buildActionMask = 2147483647;
			files = (
			);
			runOnlyForDeploymentPostprocessing = 0;
		};
/* End PBXFrameworksBuildPhase section */

/* Begin PBXGroup section */
		7B4486B224AEB4E600102E45 = {
			isa = PBXGroup;
			children = (
				7B4486BD24AEB4E600102E45 /* SwiftUISearchExample */,
				7B4486CF24AEB4E900102E45 /* SwiftUISearchExampleTests */,
				7B4486DA24AEB4E900102E45 /* SwiftUISearchExampleUITests */,
				7B58B5DC24C1C17C007F72AF /* MoviesAppClip */,
				7B58B5EF24C1C183007F72AF /* MoviesAppClipTests */,
				7B58B5FA24C1C183007F72AF /* MoviesAppClipUITests */,
				7B4486BC24AEB4E600102E45 /* Products */,
			);
			sourceTree = "<group>";
		};
		7B4486BC24AEB4E600102E45 /* Products */ = {
			isa = PBXGroup;
			children = (
				7B4486BB24AEB4E600102E45 /* SwiftUISearchExample.app */,
				7B4486CC24AEB4E900102E45 /* SwiftUISearchExampleTests.xctest */,
				7B4486D724AEB4E900102E45 /* SwiftUISearchExampleUITests.xctest */,
				7B58B5DB24C1C17C007F72AF /* MoviesAppClip.app */,
				7B58B5EC24C1C183007F72AF /* MoviesAppClipTests.xctest */,
				7B58B5F724C1C183007F72AF /* MoviesAppClipUITests.xctest */,
			);
			name = Products;
			sourceTree = "<group>";
		};
		7B4486BD24AEB4E600102E45 /* SwiftUISearchExample */ = {
			isa = PBXGroup;
			children = (
				7B4486F224B097CA00102E45 /* Networking */,
				7B4486EC24AEB5DC00102E45 /* Model */,
				7B4486EB24AEB5D300102E45 /* Views */,
				7B4486BE24AEB4E600102E45 /* SwiftUIMoviesApp.swift */,
				7B4486C224AEB4E800102E45 /* Assets.xcassets */,
				7B4486C724AEB4E800102E45 /* Info.plist */,
				7B4486C424AEB4E800102E45 /* Preview Content */,
			);
			path = SwiftUISearchExample;
			sourceTree = "<group>";
		};
		7B4486C424AEB4E800102E45 /* Preview Content */ = {
			isa = PBXGroup;
			children = (
				7B4486C524AEB4E800102E45 /* Preview Assets.xcassets */,
			);
			path = "Preview Content";
			sourceTree = "<group>";
		};
		7B4486CF24AEB4E900102E45 /* SwiftUISearchExampleTests */ = {
			isa = PBXGroup;
			children = (
				7B4486D024AEB4E900102E45 /* SwiftUISearchExampleTests.swift */,
				7B4486D224AEB4E900102E45 /* Info.plist */,
			);
			path = SwiftUISearchExampleTests;
			sourceTree = "<group>";
		};
		7B4486DA24AEB4E900102E45 /* SwiftUISearchExampleUITests */ = {
			isa = PBXGroup;
			children = (
				7B4486DB24AEB4E900102E45 /* SwiftUISearchExampleUITests.swift */,
				7B4486DD24AEB4E900102E45 /* Info.plist */,
			);
			path = SwiftUISearchExampleUITests;
			sourceTree = "<group>";
		};
		7B4486EB24AEB5D300102E45 /* Views */ = {
			isa = PBXGroup;
			children = (
				7B4486F024AEB7C900102E45 /* FilteredList.swift */,
				7B44870124B221C100102E45 /* MovieRow.swift */,
				7B2AB90E24C6F8A200F4D698 /* ImageViewLoader.swift */,
			);
			path = Views;
			sourceTree = "<group>";
		};
		7B4486EC24AEB5DC00102E45 /* Model */ = {
			isa = PBXGroup;
			children = (
				7B4486FB24B0997200102E45 /* Movie.swift */,
				7B4486FD24B0999200102E45 /* MovieFeedResult.swift */,
				7B2AB90A24C6F6E700F4D698 /* MoviesProvider.swift */,
				7B2AB90C24C6F77F00F4D698 /* ImageLoader.swift */,
			);
			path = Model;
			sourceTree = "<group>";
		};
		7B4486F224B097CA00102E45 /* Networking */ = {
			isa = PBXGroup;
			children = (
				7B4486F324B097D700102E45 /* Endpoint.swift */,
				7B4486F524B097ED00102E45 /* APIError.swift */,
				7B4486F924B0994D00102E45 /* MovieClient.swift */,
				7B4486FF24B09A1F00102E45 /* MovieFeed.swift */,
			);
			path = Networking;
			sourceTree = "<group>";
		};
		7B58B5DC24C1C17C007F72AF /* MoviesAppClip */ = {
			isa = PBXGroup;
			children = (
				7B58B5DD24C1C17C007F72AF /* MoviesAppClipApp.swift */,
				7B58B5DF24C1C17C007F72AF /* ContentView.swift */,
				7B58B5E124C1C182007F72AF /* Assets.xcassets */,
				7B58B5E624C1C182007F72AF /* Info.plist */,
				7B58B5E724C1C182007F72AF /* MoviesAppClip.entitlements */,
				7B58B5E324C1C182007F72AF /* Preview Content */,
			);
			path = MoviesAppClip;
			sourceTree = "<group>";
		};
		7B58B5E324C1C182007F72AF /* Preview Content */ = {
			isa = PBXGroup;
			children = (
				7B58B5E424C1C182007F72AF /* Preview Assets.xcassets */,
			);
			path = "Preview Content";
			sourceTree = "<group>";
		};
		7B58B5EF24C1C183007F72AF /* MoviesAppClipTests */ = {
			isa = PBXGroup;
			children = (
				7B58B5F024C1C183007F72AF /* MoviesAppClipTests.swift */,
				7B58B5F224C1C183007F72AF /* Info.plist */,
			);
			path = MoviesAppClipTests;
			sourceTree = "<group>";
		};
		7B58B5FA24C1C183007F72AF /* MoviesAppClipUITests */ = {
			isa = PBXGroup;
			children = (
				7B58B5FB24C1C183007F72AF /* MoviesAppClipUITests.swift */,
				7B58B5FD24C1C183007F72AF /* Info.plist */,
			);
			path = MoviesAppClipUITests;
			sourceTree = "<group>";
		};
/* End PBXGroup section */

/* Begin PBXNativeTarget section */
		7B4486BA24AEB4E600102E45 /* SwiftUISearchExample */ = {
			isa = PBXNativeTarget;
			buildConfigurationList = 7B4486E024AEB4E900102E45 /* Build configuration list for PBXNativeTarget "SwiftUISearchExample" */;
			buildPhases = (
				7B4486B724AEB4E600102E45 /* Sources */,
				7B4486B824AEB4E600102E45 /* Frameworks */,
				7B4486B924AEB4E600102E45 /* Resources */,
				7B58B60124C1C183007F72AF /* Embed App Clips */,
			);
			buildRules = (
			);
			dependencies = (
				7B58B5FF24C1C183007F72AF /* PBXTargetDependency */,
			);
			name = SwiftUISearchExample;
			productName = SwiftUISearchExample;
			productReference = 7B4486BB24AEB4E600102E45 /* SwiftUISearchExample.app */;
			productType = "com.apple.product-type.application";
		};
		7B4486CB24AEB4E900102E45 /* SwiftUISearchExampleTests */ = {
			isa = PBXNativeTarget;
			buildConfigurationList = 7B4486E324AEB4E900102E45 /* Build configuration list for PBXNativeTarget "SwiftUISearchExampleTests" */;
			buildPhases = (
				7B4486C824AEB4E900102E45 /* Sources */,
				7B4486C924AEB4E900102E45 /* Frameworks */,
				7B4486CA24AEB4E900102E45 /* Resources */,
			);
			buildRules = (
			);
			dependencies = (
				7B4486CE24AEB4E900102E45 /* PBXTargetDependency */,
			);
			name = SwiftUISearchExampleTests;
			productName = SwiftUISearchExampleTests;
			productReference = 7B4486CC24AEB4E900102E45 /* SwiftUISearchExampleTests.xctest */;
			productType = "com.apple.product-type.bundle.unit-test";
		};
		7B4486D624AEB4E900102E45 /* SwiftUISearchExampleUITests */ = {
			isa = PBXNativeTarget;
			buildConfigurationList = 7B4486E624AEB4E900102E45 /* Build configuration list for PBXNativeTarget "SwiftUISearchExampleUITests" */;
			buildPhases = (
				7B4486D324AEB4E900102E45 /* Sources */,
				7B4486D424AEB4E900102E45 /* Frameworks */,
				7B4486D524AEB4E900102E45 /* Resources */,
			);
			buildRules = (
			);
			dependencies = (
				7B4486D924AEB4E900102E45 /* PBXTargetDependency */,
			);
			name = SwiftUISearchExampleUITests;
			productName = SwiftUISearchExampleUITests;
			productReference = 7B4486D724AEB4E900102E45 /* SwiftUISearchExampleUITests.xctest */;
			productType = "com.apple.product-type.bundle.ui-testing";
		};
		7B58B5DA24C1C17C007F72AF /* MoviesAppClip */ = {
			isa = PBXNativeTarget;
			buildConfigurationList = 7B58B60824C1C183007F72AF /* Build configuration list for PBXNativeTarget "MoviesAppClip" */;
			buildPhases = (
				7B58B5D724C1C17C007F72AF /* Sources */,
				7B58B5D824C1C17C007F72AF /* Frameworks */,
				7B58B5D924C1C17C007F72AF /* Resources */,
			);
			buildRules = (
			);
			dependencies = (
			);
			name = MoviesAppClip;
			productName = MoviesAppClip;
			productReference = 7B58B5DB24C1C17C007F72AF /* MoviesAppClip.app */;
			productType = "com.apple.product-type.application.on-demand-install-capable";
		};
		7B58B5EB24C1C183007F72AF /* MoviesAppClipTests */ = {
			isa = PBXNativeTarget;
			buildConfigurationList = 7B58B60924C1C183007F72AF /* Build configuration list for PBXNativeTarget "MoviesAppClipTests" */;
			buildPhases = (
				7B58B5E824C1C183007F72AF /* Sources */,
				7B58B5E924C1C183007F72AF /* Frameworks */,
				7B58B5EA24C1C183007F72AF /* Resources */,
			);
			buildRules = (
			);
			dependencies = (
				7B58B5EE24C1C183007F72AF /* PBXTargetDependency */,
			);
			name = MoviesAppClipTests;
			productName = MoviesAppClipTests;
			productReference = 7B58B5EC24C1C183007F72AF /* MoviesAppClipTests.xctest */;
			productType = "com.apple.product-type.bundle.unit-test";
		};
		7B58B5F624C1C183007F72AF /* MoviesAppClipUITests */ = {
			isa = PBXNativeTarget;
			buildConfigurationList = 7B58B60A24C1C183007F72AF /* Build configuration list for PBXNativeTarget "MoviesAppClipUITests" */;
			buildPhases = (
				7B58B5F324C1C183007F72AF /* Sources */,
				7B58B5F424C1C183007F72AF /* Frameworks */,
				7B58B5F524C1C183007F72AF /* Resources */,
			);
			buildRules = (
			);
			dependencies = (
				7B58B5F924C1C183007F72AF /* PBXTargetDependency */,
			);
			name = MoviesAppClipUITests;
			productName = MoviesAppClipUITests;
			productReference = 7B58B5F724C1C183007F72AF /* MoviesAppClipUITests.xctest */;
			productType = "com.apple.product-type.bundle.ui-testing";
		};
/* End PBXNativeTarget section */

/* Begin PBXProject section */
		7B4486B324AEB4E600102E45 /* Project object */ = {
			isa = PBXProject;
			attributes = {
				LastSwiftUpdateCheck = 1200;
				LastUpgradeCheck = 1200;
				TargetAttributes = {
					7B4486BA24AEB4E600102E45 = {
						CreatedOnToolsVersion = 12.0;
					};
					7B4486CB24AEB4E900102E45 = {
						CreatedOnToolsVersion = 12.0;
						TestTargetID = 7B4486BA24AEB4E600102E45;
					};
					7B4486D624AEB4E900102E45 = {
						CreatedOnToolsVersion = 12.0;
						TestTargetID = 7B4486BA24AEB4E600102E45;
					};
					7B58B5DA24C1C17C007F72AF = {
						CreatedOnToolsVersion = 12.0;
					};
					7B58B5EB24C1C183007F72AF = {
						CreatedOnToolsVersion = 12.0;
						TestTargetID = 7B58B5DA24C1C17C007F72AF;
					};
					7B58B5F624C1C183007F72AF = {
						CreatedOnToolsVersion = 12.0;
						TestTargetID = 7B58B5DA24C1C17C007F72AF;
					};
				};
			};
			buildConfigurationList = 7B4486B624AEB4E600102E45 /* Build configuration list for PBXProject "SwiftUISearchExample" */;
			compatibilityVersion = "Xcode 9.3";
			developmentRegion = en;
			hasScannedForEncodings = 0;
			knownRegions = (
				en,
				Base,
			);
			mainGroup = 7B4486B224AEB4E600102E45;
			productRefGroup = 7B4486BC24AEB4E600102E45 /* Products */;
			projectDirPath = "";
			projectRoot = "";
			targets = (
				7B4486BA24AEB4E600102E45 /* SwiftUISearchExample */,
				7B4486CB24AEB4E900102E45 /* SwiftUISearchExampleTests */,
				7B4486D624AEB4E900102E45 /* SwiftUISearchExampleUITests */,
				7B58B5DA24C1C17C007F72AF /* MoviesAppClip */,
				7B58B5EB24C1C183007F72AF /* MoviesAppClipTests */,
				7B58B5F624C1C183007F72AF /* MoviesAppClipUITests */,
			);
		};
/* End PBXProject section */

/* Begin PBXResourcesBuildPhase section */
		7B4486B924AEB4E600102E45 /* Resources */ = {
			isa = PBXResourcesBuildPhase;
			buildActionMask = 2147483647;
			files = (
				7B4486C624AEB4E800102E45 /* Preview Assets.xcassets in Resources */,
				7B4486C324AEB4E800102E45 /* Assets.xcassets in Resources */,
			);
			runOnlyForDeploymentPostprocessing = 0;
		};
		7B4486CA24AEB4E900102E45 /* Resources */ = {
			isa = PBXResourcesBuildPhase;
			buildActionMask = 2147483647;
			files = (
			);
			runOnlyForDeploymentPostprocessing = 0;
		};
		7B4486D524AEB4E900102E45 /* Resources */ = {
			isa = PBXResourcesBuildPhase;
			buildActionMask = 2147483647;
			files = (
			);
			runOnlyForDeploymentPostprocessing = 0;
		};
		7B58B5D924C1C17C007F72AF /* Resources */ = {
			isa = PBXResourcesBuildPhase;
			buildActionMask = 2147483647;
			files = (
				7B58B5E524C1C182007F72AF /* Preview Assets.xcassets in Resources */,
				7B58B5E224C1C182007F72AF /* Assets.xcassets in Resources */,
			);
			runOnlyForDeploymentPostprocessing = 0;
		};
		7B58B5EA24C1C183007F72AF /* Resources */ = {
			isa = PBXResourcesBuildPhase;
			buildActionMask = 2147483647;
			files = (
			);
			runOnlyForDeploymentPostprocessing = 0;
		};
		7B58B5F524C1C183007F72AF /* Resources */ = {
			isa = PBXResourcesBuildPhase;
			buildActionMask = 2147483647;
			files = (
			);
			runOnlyForDeploymentPostprocessing = 0;
		};
/* End PBXResourcesBuildPhase section */

/* Begin PBXSourcesBuildPhase section */
		7B4486B724AEB4E600102E45 /* Sources */ = {
			isa = PBXSourcesBuildPhase;
			buildActionMask = 2147483647;
			files = (
				7B4486F124AEB7C900102E45 /* FilteredList.swift in Sources */,
				7B4486FE24B0999200102E45 /* MovieFeedResult.swift in Sources */,
				7B44870224B221C200102E45 /* MovieRow.swift in Sources */,
				7B44870024B09A1F00102E45 /* MovieFeed.swift in Sources */,
				7B4486FA24B0994D00102E45 /* MovieClient.swift in Sources */,
				7B4486F424B097D700102E45 /* Endpoint.swift in Sources */,
				7B4486F624B097ED00102E45 /* APIError.swift in Sources */,
				7B2AB90F24C6F8A200F4D698 /* ImageViewLoader.swift in Sources */,
				7B2AB90B24C6F6E700F4D698 /* MoviesProvider.swift in Sources */,
				7B4486FC24B0997200102E45 /* Movie.swift in Sources */,
				7B4486BF24AEB4E600102E45 /* SwiftUIMoviesApp.swift in Sources */,
				7B2AB90D24C6F77F00F4D698 /* ImageLoader.swift in Sources */,
			);
			runOnlyForDeploymentPostprocessing = 0;
		};
		7B4486C824AEB4E900102E45 /* Sources */ = {
			isa = PBXSourcesBuildPhase;
			buildActionMask = 2147483647;
			files = (
				7B4486D124AEB4E900102E45 /* SwiftUISearchExampleTests.swift in Sources */,
			);
			runOnlyForDeploymentPostprocessing = 0;
		};
		7B4486D324AEB4E900102E45 /* Sources */ = {
			isa = PBXSourcesBuildPhase;
			buildActionMask = 2147483647;
			files = (
				7B4486DC24AEB4E900102E45 /* SwiftUISearchExampleUITests.swift in Sources */,
			);
			runOnlyForDeploymentPostprocessing = 0;
		};
		7B58B5D724C1C17C007F72AF /* Sources */ = {
			isa = PBXSourcesBuildPhase;
			buildActionMask = 2147483647;
			files = (
				7B58B5E024C1C17C007F72AF /* ContentView.swift in Sources */,
				7B58B5DE24C1C17C007F72AF /* MoviesAppClipApp.swift in Sources */,
			);
			runOnlyForDeploymentPostprocessing = 0;
		};
		7B58B5E824C1C183007F72AF /* Sources */ = {
			isa = PBXSourcesBuildPhase;
			buildActionMask = 2147483647;
			files = (
				7B58B5F124C1C183007F72AF /* MoviesAppClipTests.swift in Sources */,
			);
			runOnlyForDeploymentPostprocessing = 0;
		};
		7B58B5F324C1C183007F72AF /* Sources */ = {
			isa = PBXSourcesBuildPhase;
			buildActionMask = 2147483647;
			files = (
				7B58B5FC24C1C183007F72AF /* MoviesAppClipUITests.swift in Sources */,
			);
			runOnlyForDeploymentPostprocessing = 0;
		};
/* End PBXSourcesBuildPhase section */

/* Begin PBXTargetDependency section */
		7B4486CE24AEB4E900102E45 /* PBXTargetDependency */ = {
			isa = PBXTargetDependency;
			target = 7B4486BA24AEB4E600102E45 /* SwiftUISearchExample */;
			targetProxy = 7B4486CD24AEB4E900102E45 /* PBXContainerItemProxy */;
		};
		7B4486D924AEB4E900102E45 /* PBXTargetDependency */ = {
			isa = PBXTargetDependency;
			target = 7B4486BA24AEB4E600102E45 /* SwiftUISearchExample */;
			targetProxy = 7B4486D824AEB4E900102E45 /* PBXContainerItemProxy */;
		};
		7B58B5EE24C1C183007F72AF /* PBXTargetDependency */ = {
			isa = PBXTargetDependency;
			target = 7B58B5DA24C1C17C007F72AF /* MoviesAppClip */;
			targetProxy = 7B58B5ED24C1C183007F72AF /* PBXContainerItemProxy */;
		};
		7B58B5F924C1C183007F72AF /* PBXTargetDependency */ = {
			isa = PBXTargetDependency;
			target = 7B58B5DA24C1C17C007F72AF /* MoviesAppClip */;
			targetProxy = 7B58B5F824C1C183007F72AF /* PBXContainerItemProxy */;
		};
		7B58B5FF24C1C183007F72AF /* PBXTargetDependency */ = {
			isa = PBXTargetDependency;
			target = 7B58B5DA24C1C17C007F72AF /* MoviesAppClip */;
			targetProxy = 7B58B5FE24C1C183007F72AF /* PBXContainerItemProxy */;
		};
/* End PBXTargetDependency section */

/* Begin XCBuildConfiguration section */
		7B4486DE24AEB4E900102E45 /* Debug */ = {
			isa = XCBuildConfiguration;
			buildSettings = {
				ALWAYS_SEARCH_USER_PATHS = NO;
				CLANG_ANALYZER_NONNULL = YES;
				CLANG_ANALYZER_NUMBER_OBJECT_CONVERSION = YES_AGGRESSIVE;
				CLANG_CXX_LANGUAGE_STANDARD = "gnu++14";
				CLANG_CXX_LIBRARY = "libc++";
				CLANG_ENABLE_MODULES = YES;
				CLANG_ENABLE_OBJC_ARC = YES;
				CLANG_ENABLE_OBJC_WEAK = YES;
				CLANG_WARN_BLOCK_CAPTURE_AUTORELEASING = YES;
				CLANG_WARN_BOOL_CONVERSION = YES;
				CLANG_WARN_COMMA = YES;
				CLANG_WARN_CONSTANT_CONVERSION = YES;
				CLANG_WARN_DEPRECATED_OBJC_IMPLEMENTATIONS = YES;
				CLANG_WARN_DIRECT_OBJC_ISA_USAGE = YES_ERROR;
				CLANG_WARN_DOCUMENTATION_COMMENTS = YES;
				CLANG_WARN_EMPTY_BODY = YES;
				CLANG_WARN_ENUM_CONVERSION = YES;
				CLANG_WARN_INFINITE_RECURSION = YES;
				CLANG_WARN_INT_CONVERSION = YES;
				CLANG_WARN_NON_LITERAL_NULL_CONVERSION = YES;
				CLANG_WARN_OBJC_IMPLICIT_RETAIN_SELF = YES;
				CLANG_WARN_OBJC_LITERAL_CONVERSION = YES;
				CLANG_WARN_OBJC_ROOT_CLASS = YES_ERROR;
				CLANG_WARN_QUOTED_INCLUDE_IN_FRAMEWORK_HEADER = YES;
				CLANG_WARN_RANGE_LOOP_ANALYSIS = YES;
				CLANG_WARN_STRICT_PROTOTYPES = YES;
				CLANG_WARN_SUSPICIOUS_MOVE = YES;
				CLANG_WARN_UNGUARDED_AVAILABILITY = YES_AGGRESSIVE;
				CLANG_WARN_UNREACHABLE_CODE = YES;
				CLANG_WARN__DUPLICATE_METHOD_MATCH = YES;
				COPY_PHASE_STRIP = NO;
				DEBUG_INFORMATION_FORMAT = dwarf;
				ENABLE_STRICT_OBJC_MSGSEND = YES;
				ENABLE_TESTABILITY = YES;
				GCC_C_LANGUAGE_STANDARD = gnu11;
				GCC_DYNAMIC_NO_PIC = NO;
				GCC_NO_COMMON_BLOCKS = YES;
				GCC_OPTIMIZATION_LEVEL = 0;
				GCC_PREPROCESSOR_DEFINITIONS = (
					"DEBUG=1",
					"$(inherited)",
				);
				GCC_WARN_64_TO_32_BIT_CONVERSION = YES;
				GCC_WARN_ABOUT_RETURN_TYPE = YES_ERROR;
				GCC_WARN_UNDECLARED_SELECTOR = YES;
				GCC_WARN_UNINITIALIZED_AUTOS = YES_AGGRESSIVE;
				GCC_WARN_UNUSED_FUNCTION = YES;
				GCC_WARN_UNUSED_VARIABLE = YES;
				IPHONEOS_DEPLOYMENT_TARGET = 14.0;
				MTL_ENABLE_DEBUG_INFO = INCLUDE_SOURCE;
				MTL_FAST_MATH = YES;
				ONLY_ACTIVE_ARCH = YES;
				SDKROOT = iphoneos;
				SWIFT_ACTIVE_COMPILATION_CONDITIONS = DEBUG;
				SWIFT_OPTIMIZATION_LEVEL = "-Onone";
			};
			name = Debug;
		};
		7B4486DF24AEB4E900102E45 /* Release */ = {
			isa = XCBuildConfiguration;
			buildSettings = {
				ALWAYS_SEARCH_USER_PATHS = NO;
				CLANG_ANALYZER_NONNULL = YES;
				CLANG_ANALYZER_NUMBER_OBJECT_CONVERSION = YES_AGGRESSIVE;
				CLANG_CXX_LANGUAGE_STANDARD = "gnu++14";
				CLANG_CXX_LIBRARY = "libc++";
				CLANG_ENABLE_MODULES = YES;
				CLANG_ENABLE_OBJC_ARC = YES;
				CLANG_ENABLE_OBJC_WEAK = YES;
				CLANG_WARN_BLOCK_CAPTURE_AUTORELEASING = YES;
				CLANG_WARN_BOOL_CONVERSION = YES;
				CLANG_WARN_COMMA = YES;
				CLANG_WARN_CONSTANT_CONVERSION = YES;
				CLANG_WARN_DEPRECATED_OBJC_IMPLEMENTATIONS = YES;
				CLANG_WARN_DIRECT_OBJC_ISA_USAGE = YES_ERROR;
				CLANG_WARN_DOCUMENTATION_COMMENTS = YES;
				CLANG_WARN_EMPTY_BODY = YES;
				CLANG_WARN_ENUM_CONVERSION = YES;
				CLANG_WARN_INFINITE_RECURSION = YES;
				CLANG_WARN_INT_CONVERSION = YES;
				CLANG_WARN_NON_LITERAL_NULL_CONVERSION = YES;
				CLANG_WARN_OBJC_IMPLICIT_RETAIN_SELF = YES;
				CLANG_WARN_OBJC_LITERAL_CONVERSION = YES;
				CLANG_WARN_OBJC_ROOT_CLASS = YES_ERROR;
				CLANG_WARN_QUOTED_INCLUDE_IN_FRAMEWORK_HEADER = YES;
				CLANG_WARN_RANGE_LOOP_ANALYSIS = YES;
				CLANG_WARN_STRICT_PROTOTYPES = YES;
				CLANG_WARN_SUSPICIOUS_MOVE = YES;
				CLANG_WARN_UNGUARDED_AVAILABILITY = YES_AGGRESSIVE;
				CLANG_WARN_UNREACHABLE_CODE = YES;
				CLANG_WARN__DUPLICATE_METHOD_MATCH = YES;
				COPY_PHASE_STRIP = NO;
				DEBUG_INFORMATION_FORMAT = "dwarf-with-dsym";
				ENABLE_NS_ASSERTIONS = NO;
				ENABLE_STRICT_OBJC_MSGSEND = YES;
				GCC_C_LANGUAGE_STANDARD = gnu11;
				GCC_NO_COMMON_BLOCKS = YES;
				GCC_WARN_64_TO_32_BIT_CONVERSION = YES;
				GCC_WARN_ABOUT_RETURN_TYPE = YES_ERROR;
				GCC_WARN_UNDECLARED_SELECTOR = YES;
				GCC_WARN_UNINITIALIZED_AUTOS = YES_AGGRESSIVE;
				GCC_WARN_UNUSED_FUNCTION = YES;
				GCC_WARN_UNUSED_VARIABLE = YES;
				IPHONEOS_DEPLOYMENT_TARGET = 14.0;
				MTL_ENABLE_DEBUG_INFO = NO;
				MTL_FAST_MATH = YES;
				SDKROOT = iphoneos;
				SWIFT_COMPILATION_MODE = wholemodule;
				SWIFT_OPTIMIZATION_LEVEL = "-O";
				VALIDATE_PRODUCT = YES;
			};
			name = Release;
		};
		7B4486E124AEB4E900102E45 /* Debug */ = {
			isa = XCBuildConfiguration;
			buildSettings = {
				ALWAYS_EMBED_SWIFT_STANDARD_LIBRARIES = YES;
				ASSETCATALOG_COMPILER_APPICON_NAME = AppIcon;
				ASSETCATALOG_COMPILER_GLOBAL_ACCENT_COLOR_NAME = AccentColor;
				CODE_SIGN_STYLE = Automatic;
				DEVELOPMENT_ASSET_PATHS = "\"SwiftUISearchExample/Preview Content\"";
				DEVELOPMENT_TEAM = CQ45U4X9K3;
				ENABLE_PREVIEWS = YES;
				INFOPLIST_FILE = SwiftUISearchExample/Info.plist;
				IPHONEOS_DEPLOYMENT_TARGET = 14.0;
				LD_RUNPATH_SEARCH_PATHS = (
					"$(inherited)",
					"@executable_path/Frameworks",
				);
				PRODUCT_BUNDLE_IDENTIFIER = rochabrun.SwiftUISearchExample;
				PRODUCT_NAME = "$(TARGET_NAME)";
				SWIFT_VERSION = 5.0;
				TARGETED_DEVICE_FAMILY = "1,2";
			};
			name = Debug;
		};
		7B4486E224AEB4E900102E45 /* Release */ = {
			isa = XCBuildConfiguration;
			buildSettings = {
				ALWAYS_EMBED_SWIFT_STANDARD_LIBRARIES = YES;
				ASSETCATALOG_COMPILER_APPICON_NAME = AppIcon;
				ASSETCATALOG_COMPILER_GLOBAL_ACCENT_COLOR_NAME = AccentColor;
				CODE_SIGN_STYLE = Automatic;
				DEVELOPMENT_ASSET_PATHS = "\"SwiftUISearchExample/Preview Content\"";
				DEVELOPMENT_TEAM = CQ45U4X9K3;
				ENABLE_PREVIEWS = YES;
				INFOPLIST_FILE = SwiftUISearchExample/Info.plist;
				IPHONEOS_DEPLOYMENT_TARGET = 14.0;
				LD_RUNPATH_SEARCH_PATHS = (
					"$(inherited)",
					"@executable_path/Frameworks",
				);
				PRODUCT_BUNDLE_IDENTIFIER = rochabrun.SwiftUISearchExample;
				PRODUCT_NAME = "$(TARGET_NAME)";
				SWIFT_VERSION = 5.0;
				TARGETED_DEVICE_FAMILY = "1,2";
			};
			name = Release;
		};
		7B4486E424AEB4E900102E45 /* Debug */ = {
			isa = XCBuildConfiguration;
			buildSettings = {
				ALWAYS_EMBED_SWIFT_STANDARD_LIBRARIES = YES;
				BUNDLE_LOADER = "$(TEST_HOST)";
				CODE_SIGN_STYLE = Automatic;
				DEVELOPMENT_TEAM = CQ45U4X9K3;
				INFOPLIST_FILE = SwiftUISearchExampleTests/Info.plist;
				IPHONEOS_DEPLOYMENT_TARGET = 14.0;
				LD_RUNPATH_SEARCH_PATHS = (
					"$(inherited)",
					"@executable_path/Frameworks",
					"@loader_path/Frameworks",
				);
				PRODUCT_BUNDLE_IDENTIFIER = rochabrun.SwiftUISearchExampleTests;
				PRODUCT_NAME = "$(TARGET_NAME)";
				SWIFT_VERSION = 5.0;
				TARGETED_DEVICE_FAMILY = "1,2";
				TEST_HOST = "$(BUILT_PRODUCTS_DIR)/SwiftUISearchExample.app/SwiftUISearchExample";
			};
			name = Debug;
		};
		7B4486E524AEB4E900102E45 /* Release */ = {
			isa = XCBuildConfiguration;
			buildSettings = {
				ALWAYS_EMBED_SWIFT_STANDARD_LIBRARIES = YES;
				BUNDLE_LOADER = "$(TEST_HOST)";
				CODE_SIGN_STYLE = Automatic;
				DEVELOPMENT_TEAM = CQ45U4X9K3;
				INFOPLIST_FILE = SwiftUISearchExampleTests/Info.plist;
				IPHONEOS_DEPLOYMENT_TARGET = 14.0;
				LD_RUNPATH_SEARCH_PATHS = (
					"$(inherited)",
					"@executable_path/Frameworks",
					"@loader_path/Frameworks",
				);
				PRODUCT_BUNDLE_IDENTIFIER = rochabrun.SwiftUISearchExampleTests;
				PRODUCT_NAME = "$(TARGET_NAME)";
				SWIFT_VERSION = 5.0;
				TARGETED_DEVICE_FAMILY = "1,2";
				TEST_HOST = "$(BUILT_PRODUCTS_DIR)/SwiftUISearchExample.app/SwiftUISearchExample";
			};
			name = Release;
		};
		7B4486E724AEB4E900102E45 /* Debug */ = {
			isa = XCBuildConfiguration;
			buildSettings = {
				ALWAYS_EMBED_SWIFT_STANDARD_LIBRARIES = YES;
				CODE_SIGN_STYLE = Automatic;
				DEVELOPMENT_TEAM = CQ45U4X9K3;
				INFOPLIST_FILE = SwiftUISearchExampleUITests/Info.plist;
				LD_RUNPATH_SEARCH_PATHS = (
					"$(inherited)",
					"@executable_path/Frameworks",
					"@loader_path/Frameworks",
				);
				PRODUCT_BUNDLE_IDENTIFIER = rochabrun.SwiftUISearchExampleUITests;
				PRODUCT_NAME = "$(TARGET_NAME)";
				SWIFT_VERSION = 5.0;
				TARGETED_DEVICE_FAMILY = "1,2";
				TEST_TARGET_NAME = SwiftUISearchExample;
			};
			name = Debug;
		};
		7B4486E824AEB4E900102E45 /* Release */ = {
			isa = XCBuildConfiguration;
			buildSettings = {
				ALWAYS_EMBED_SWIFT_STANDARD_LIBRARIES = YES;
				CODE_SIGN_STYLE = Automatic;
				DEVELOPMENT_TEAM = CQ45U4X9K3;
				INFOPLIST_FILE = SwiftUISearchExampleUITests/Info.plist;
				LD_RUNPATH_SEARCH_PATHS = (
					"$(inherited)",
					"@executable_path/Frameworks",
					"@loader_path/Frameworks",
				);
				PRODUCT_BUNDLE_IDENTIFIER = rochabrun.SwiftUISearchExampleUITests;
				PRODUCT_NAME = "$(TARGET_NAME)";
				SWIFT_VERSION = 5.0;
				TARGETED_DEVICE_FAMILY = "1,2";
				TEST_TARGET_NAME = SwiftUISearchExample;
			};
			name = Release;
		};
		7B58B60224C1C183007F72AF /* Debug */ = {
			isa = XCBuildConfiguration;
			buildSettings = {
				ASSETCATALOG_COMPILER_APPICON_NAME = AppIcon;
				ASSETCATALOG_COMPILER_GLOBAL_ACCENT_COLOR_NAME = AccentColor;
				CODE_SIGN_ENTITLEMENTS = MoviesAppClip/MoviesAppClip.entitlements;
				CODE_SIGN_STYLE = Automatic;
				DEVELOPMENT_ASSET_PATHS = "\"MoviesAppClip/Preview Content\"";
				DEVELOPMENT_TEAM = CQ45U4X9K3;
				ENABLE_PREVIEWS = YES;
				INFOPLIST_FILE = MoviesAppClip/Info.plist;
				IPHONEOS_DEPLOYMENT_TARGET = 14.0;
				LD_RUNPATH_SEARCH_PATHS = (
					"$(inherited)",
					"@executable_path/Frameworks",
				);
				PRODUCT_BUNDLE_IDENTIFIER = rochabrun.SwiftUISearchExample.Clip;
				PRODUCT_NAME = "$(TARGET_NAME)";
				SWIFT_VERSION = 5.0;
				TARGETED_DEVICE_FAMILY = "1,2";
			};
			name = Debug;
		};
		7B58B60324C1C183007F72AF /* Release */ = {
			isa = XCBuildConfiguration;
			buildSettings = {
				ASSETCATALOG_COMPILER_APPICON_NAME = AppIcon;
				ASSETCATALOG_COMPILER_GLOBAL_ACCENT_COLOR_NAME = AccentColor;
				CODE_SIGN_ENTITLEMENTS = MoviesAppClip/MoviesAppClip.entitlements;
				CODE_SIGN_STYLE = Automatic;
				DEVELOPMENT_ASSET_PATHS = "\"MoviesAppClip/Preview Content\"";
				DEVELOPMENT_TEAM = CQ45U4X9K3;
				ENABLE_PREVIEWS = YES;
				INFOPLIST_FILE = MoviesAppClip/Info.plist;
				IPHONEOS_DEPLOYMENT_TARGET = 14.0;
				LD_RUNPATH_SEARCH_PATHS = (
					"$(inherited)",
					"@executable_path/Frameworks",
				);
				PRODUCT_BUNDLE_IDENTIFIER = rochabrun.SwiftUISearchExample.Clip;
				PRODUCT_NAME = "$(TARGET_NAME)";
				SWIFT_VERSION = 5.0;
				TARGETED_DEVICE_FAMILY = "1,2";
			};
			name = Release;
		};
		7B58B60424C1C183007F72AF /* Debug */ = {
			isa = XCBuildConfiguration;
			buildSettings = {
				ALWAYS_EMBED_SWIFT_STANDARD_LIBRARIES = YES;
				BUNDLE_LOADER = "$(TEST_HOST)";
				CODE_SIGN_STYLE = Automatic;
				DEVELOPMENT_TEAM = CQ45U4X9K3;
				INFOPLIST_FILE = MoviesAppClipTests/Info.plist;
				IPHONEOS_DEPLOYMENT_TARGET = 14.0;
				LD_RUNPATH_SEARCH_PATHS = (
					"$(inherited)",
					"@executable_path/Frameworks",
					"@loader_path/Frameworks",
				);
				PRODUCT_BUNDLE_IDENTIFIER = rochabrun.SwiftUISearchExample.MoviesAppClipTests;
				PRODUCT_NAME = "$(TARGET_NAME)";
				SWIFT_VERSION = 5.0;
				TARGETED_DEVICE_FAMILY = "1,2";
				TEST_HOST = "$(BUILT_PRODUCTS_DIR)/MoviesAppClip.app/MoviesAppClip";
			};
			name = Debug;
		};
		7B58B60524C1C183007F72AF /* Release */ = {
			isa = XCBuildConfiguration;
			buildSettings = {
				ALWAYS_EMBED_SWIFT_STANDARD_LIBRARIES = YES;
				BUNDLE_LOADER = "$(TEST_HOST)";
				CODE_SIGN_STYLE = Automatic;
				DEVELOPMENT_TEAM = CQ45U4X9K3;
				INFOPLIST_FILE = MoviesAppClipTests/Info.plist;
				IPHONEOS_DEPLOYMENT_TARGET = 14.0;
				LD_RUNPATH_SEARCH_PATHS = (
					"$(inherited)",
					"@executable_path/Frameworks",
					"@loader_path/Frameworks",
				);
				PRODUCT_BUNDLE_IDENTIFIER = rochabrun.SwiftUISearchExample.MoviesAppClipTests;
				PRODUCT_NAME = "$(TARGET_NAME)";
				SWIFT_VERSION = 5.0;
				TARGETED_DEVICE_FAMILY = "1,2";
				TEST_HOST = "$(BUILT_PRODUCTS_DIR)/MoviesAppClip.app/MoviesAppClip";
			};
			name = Release;
		};
		7B58B60624C1C183007F72AF /* Debug */ = {
			isa = XCBuildConfiguration;
			buildSettings = {
				ALWAYS_EMBED_SWIFT_STANDARD_LIBRARIES = YES;
				CODE_SIGN_STYLE = Automatic;
				DEVELOPMENT_TEAM = CQ45U4X9K3;
				INFOPLIST_FILE = MoviesAppClipUITests/Info.plist;
				LD_RUNPATH_SEARCH_PATHS = (
					"$(inherited)",
					"@executable_path/Frameworks",
					"@loader_path/Frameworks",
				);
				PRODUCT_BUNDLE_IDENTIFIER = rochabrun.SwiftUISearchExample.MoviesAppClipUITests;
				PRODUCT_NAME = "$(TARGET_NAME)";
				SWIFT_VERSION = 5.0;
				TARGETED_DEVICE_FAMILY = "1,2";
				TEST_TARGET_NAME = MoviesAppClip;
			};
			name = Debug;
		};
		7B58B60724C1C183007F72AF /* Release */ = {
			isa = XCBuildConfiguration;
			buildSettings = {
				ALWAYS_EMBED_SWIFT_STANDARD_LIBRARIES = YES;
				CODE_SIGN_STYLE = Automatic;
				DEVELOPMENT_TEAM = CQ45U4X9K3;
				INFOPLIST_FILE = MoviesAppClipUITests/Info.plist;
				LD_RUNPATH_SEARCH_PATHS = (
					"$(inherited)",
					"@executable_path/Frameworks",
					"@loader_path/Frameworks",
				);
				PRODUCT_BUNDLE_IDENTIFIER = rochabrun.SwiftUISearchExample.MoviesAppClipUITests;
				PRODUCT_NAME = "$(TARGET_NAME)";
				SWIFT_VERSION = 5.0;
				TARGETED_DEVICE_FAMILY = "1,2";
				TEST_TARGET_NAME = MoviesAppClip;
			};
			name = Release;
		};
/* End XCBuildConfiguration section */

/* Begin XCConfigurationList section */
		7B4486B624AEB4E600102E45 /* Build configuration list for PBXProject "SwiftUISearchExample" */ = {
			isa = XCConfigurationList;
			buildConfigurations = (
				7B4486DE24AEB4E900102E45 /* Debug */,
				7B4486DF24AEB4E900102E45 /* Release */,
			);
			defaultConfigurationIsVisible = 0;
			defaultConfigurationName = Release;
		};
		7B4486E024AEB4E900102E45 /* Build configuration list for PBXNativeTarget "SwiftUISearchExample" */ = {
			isa = XCConfigurationList;
			buildConfigurations = (
				7B4486E124AEB4E900102E45 /* Debug */,
				7B4486E224AEB4E900102E45 /* Release */,
			);
			defaultConfigurationIsVisible = 0;
			defaultConfigurationName = Release;
		};
		7B4486E324AEB4E900102E45 /* Build configuration list for PBXNativeTarget "SwiftUISearchExampleTests" */ = {
			isa = XCConfigurationList;
			buildConfigurations = (
				7B4486E424AEB4E900102E45 /* Debug */,
				7B4486E524AEB4E900102E45 /* Release */,
			);
			defaultConfigurationIsVisible = 0;
			defaultConfigurationName = Release;
		};
		7B4486E624AEB4E900102E45 /* Build configuration list for PBXNativeTarget "SwiftUISearchExampleUITests" */ = {
			isa = XCConfigurationList;
			buildConfigurations = (
				7B4486E724AEB4E900102E45 /* Debug */,
				7B4486E824AEB4E900102E45 /* Release */,
			);
			defaultConfigurationIsVisible = 0;
			defaultConfigurationName = Release;
		};
		7B58B60824C1C183007F72AF /* Build configuration list for PBXNativeTarget "MoviesAppClip" */ = {
			isa = XCConfigurationList;
			buildConfigurations = (
				7B58B60224C1C183007F72AF /* Debug */,
				7B58B60324C1C183007F72AF /* Release */,
			);
			defaultConfigurationIsVisible = 0;
			defaultConfigurationName = Release;
		};
		7B58B60924C1C183007F72AF /* Build configuration list for PBXNativeTarget "MoviesAppClipTests" */ = {
			isa = XCConfigurationList;
			buildConfigurations = (
				7B58B60424C1C183007F72AF /* Debug */,
				7B58B60524C1C183007F72AF /* Release */,
			);
			defaultConfigurationIsVisible = 0;
			defaultConfigurationName = Release;
		};
		7B58B60A24C1C183007F72AF /* Build configuration list for PBXNativeTarget "MoviesAppClipUITests" */ = {
			isa = XCConfigurationList;
			buildConfigurations = (
				7B58B60624C1C183007F72AF /* Debug */,
				7B58B60724C1C183007F72AF /* Release */,
			);
			defaultConfigurationIsVisible = 0;
			defaultConfigurationName = Release;
		};
/* End XCConfigurationList section */
	};
	rootObject = 7B4486B324AEB4E600102E45 /* Project object */;
}
